// !$*UTF8*$!
{
	archiveVersion = 1;
	classes = {
	};
	objectVersion = 50;
	objects = {

/* Begin PBXBuildFile section */
		100E9A86232B6E470018A275 /* ImageCollectionViewCell.swift in Sources */ = {isa = PBXBuildFile; fileRef = 100E9A85232B6E470018A275 /* ImageCollectionViewCell.swift */; };
		1038187F232A45A500531F02 /* AppDelegate.swift in Sources */ = {isa = PBXBuildFile; fileRef = 1038187E232A45A500531F02 /* AppDelegate.swift */; };
		10381884232A45A500531F02 /* Main.storyboard in Resources */ = {isa = PBXBuildFile; fileRef = 10381882232A45A500531F02 /* Main.storyboard */; };
		10381886232A45A700531F02 /* Assets.xcassets in Resources */ = {isa = PBXBuildFile; fileRef = 10381885232A45A700531F02 /* Assets.xcassets */; };
		10381889232A45A700531F02 /* LaunchScreen.storyboard in Resources */ = {isa = PBXBuildFile; fileRef = 10381887232A45A700531F02 /* LaunchScreen.storyboard */; };
		10381892232A50A100531F02 /* ImageGalleryTableViewController.swift in Sources */ = {isa = PBXBuildFile; fileRef = 10381891232A50A100531F02 /* ImageGalleryTableViewController.swift */; };
		10381894232A5E4800531F02 /* Utilities.swift in Sources */ = {isa = PBXBuildFile; fileRef = 10381893232A5E4800531F02 /* Utilities.swift */; };
		10381896232A709E00531F02 /* ImageGalleryViewController.swift in Sources */ = {isa = PBXBuildFile; fileRef = 10381895232A709E00531F02 /* ImageGalleryViewController.swift */; };
/* End PBXBuildFile section */

/* Begin PBXFileReference section */
		100E9A85232B6E470018A275 /* ImageCollectionViewCell.swift */ = {isa = PBXFileReference; lastKnownFileType = sourcecode.swift; path = ImageCollectionViewCell.swift; sourceTree = "<group>"; };
		1038187B232A45A500531F02 /* ImageGallery-Assignment4.app */ = {isa = PBXFileReference; explicitFileType = wrapper.application; includeInIndex = 0; path = "ImageGallery-Assignment4.app"; sourceTree = BUILT_PRODUCTS_DIR; };
		1038187E232A45A500531F02 /* AppDelegate.swift */ = {isa = PBXFileReference; lastKnownFileType = sourcecode.swift; path = AppDelegate.swift; sourceTree = "<group>"; };
		10381883232A45A500531F02 /* Base */ = {isa = PBXFileReference; lastKnownFileType = file.storyboard; name = Base; path = Base.lproj/Main.storyboard; sourceTree = "<group>"; };
		10381885232A45A700531F02 /* Assets.xcassets */ = {isa = PBXFileReference; lastKnownFileType = folder.assetcatalog; path = Assets.xcassets; sourceTree = "<group>"; };
		10381888232A45A700531F02 /* Base */ = {isa = PBXFileReference; lastKnownFileType = file.storyboard; name = Base; path = Base.lproj/LaunchScreen.storyboard; sourceTree = "<group>"; };
		1038188A232A45A700531F02 /* Info.plist */ = {isa = PBXFileReference; lastKnownFileType = text.plist.xml; path = Info.plist; sourceTree = "<group>"; };
		10381891232A50A100531F02 /* ImageGalleryTableViewController.swift */ = {isa = PBXFileReference; lastKnownFileType = sourcecode.swift; path = ImageGalleryTableViewController.swift; sourceTree = "<group>"; };
		10381893232A5E4800531F02 /* Utilities.swift */ = {isa = PBXFileReference; fileEncoding = 4; lastKnownFileType = sourcecode.swift; path = Utilities.swift; sourceTree = "<group>"; };
		10381895232A709E00531F02 /* ImageGalleryViewController.swift */ = {isa = PBXFileReference; lastKnownFileType = sourcecode.swift; path = ImageGalleryViewController.swift; sourceTree = "<group>"; };
/* End PBXFileReference section */

/* Begin PBXFrameworksBuildPhase section */
		10381878232A45A500531F02 /* Frameworks */ = {
			isa = PBXFrameworksBuildPhase;
			buildActionMask = 2147483647;
			files = (
			);
			runOnlyForDeploymentPostprocessing = 0;
		};
/* End PBXFrameworksBuildPhase section */

/* Begin PBXGroup section */
		10381872232A45A500531F02 = {
			isa = PBXGroup;
			children = (
				1038187D232A45A500531F02 /* ImageGallery-Assignment4 */,
				1038187C232A45A500531F02 /* Products */,
			);
			sourceTree = "<group>";
		};
		1038187C232A45A500531F02 /* Products */ = {
			isa = PBXGroup;
			children = (
				1038187B232A45A500531F02 /* ImageGallery-Assignment4.app */,
			);
			name = Products;
			sourceTree = "<group>";
		};
		1038187D232A45A500531F02 /* ImageGallery-Assignment4 */ = {
			isa = PBXGroup;
			children = (
				10381891232A50A100531F02 /* ImageGalleryTableViewController.swift */,
				10381882232A45A500531F02 /* Main.storyboard */,
				10381893232A5E4800531F02 /* Utilities.swift */,
				100E9A85232B6E470018A275 /* ImageCollectionViewCell.swift */,
				10381895232A709E00531F02 /* ImageGalleryViewController.swift */,
				10381890232A46C600531F02 /* Supporting Files */,
				1038188A232A45A700531F02 /* Info.plist */,
			);
			path = "ImageGallery-Assignment4";
			sourceTree = "<group>";
		};
		10381890232A46C600531F02 /* Supporting Files */ = {
			isa = PBXGroup;
			children = (
				1038187E232A45A500531F02 /* AppDelegate.swift */,
				10381885232A45A700531F02 /* Assets.xcassets */,
				10381887232A45A700531F02 /* LaunchScreen.storyboard */,
			);
			path = "Supporting Files";
			sourceTree = "<group>";
		};
/* End PBXGroup section */

/* Begin PBXNativeTarget section */
		1038187A232A45A500531F02 /* ImageGallery-Assignment4 */ = {
			isa = PBXNativeTarget;
			buildConfigurationList = 1038188D232A45A700531F02 /* Build configuration list for PBXNativeTarget "ImageGallery-Assignment4" */;
			buildPhases = (
				10381877232A45A500531F02 /* Sources */,
				10381878232A45A500531F02 /* Frameworks */,
				10381879232A45A500531F02 /* Resources */,
			);
			buildRules = (
			);
			dependencies = (
			);
			name = "ImageGallery-Assignment4";
			productName = "ImageGallery-Assignment4";
			productReference = 1038187B232A45A500531F02 /* ImageGallery-Assignment4.app */;
			productType = "com.apple.product-type.application";
		};
/* End PBXNativeTarget section */

/* Begin PBXProject section */
		10381873232A45A500531F02 /* Project object */ = {
			isa = PBXProject;
			attributes = {
				LastSwiftUpdateCheck = 0940;
				LastUpgradeCheck = 0940;
				ORGANIZATIONNAME = iParagons;
				TargetAttributes = {
					1038187A232A45A500531F02 = {
						CreatedOnToolsVersion = 9.4.1;
					};
				};
			};
			buildConfigurationList = 10381876232A45A500531F02 /* Build configuration list for PBXProject "ImageGallery-Assignment4" */;
			compatibilityVersion = "Xcode 9.3";
			developmentRegion = en;
			hasScannedForEncodings = 0;
			knownRegions = (
				en,
				Base,
			);
			mainGroup = 10381872232A45A500531F02;
			productRefGroup = 1038187C232A45A500531F02 /* Products */;
			projectDirPath = "";
			projectRoot = "";
			targets = (
				1038187A232A45A500531F02 /* ImageGallery-Assignment4 */,
			);
		};
/* End PBXProject section */

/* Begin PBXResourcesBuildPhase section */
		10381879232A45A500531F02 /* Resources */ = {
			isa = PBXResourcesBuildPhase;
			buildActionMask = 2147483647;
			files = (
				10381889232A45A700531F02 /* LaunchScreen.storyboard in Resources */,
				10381886232A45A700531F02 /* Assets.xcassets in Resources */,
				10381884232A45A500531F02 /* Main.storyboard in Resources */,
			);
			runOnlyForDeploymentPostprocessing = 0;
		};
/* End PBXResourcesBuildPhase section */

/* Begin PBXSourcesBuildPhase section */
		10381877232A45A500531F02 /* Sources */ = {
			isa = PBXSourcesBuildPhase;
			buildActionMask = 2147483647;
			files = (
				10381894232A5E4800531F02 /* Utilities.swift in Sources */,
				100E9A86232B6E470018A275 /* ImageCollectionViewCell.swift in Sources */,
				10381892232A50A100531F02 /* ImageGalleryTableViewController.swift in Sources */,
				10381896232A709E00531F02 /* ImageGalleryViewController.swift in Sources */,
				1038187F232A45A500531F02 /* AppDelegate.swift in Sources */,
			);
			runOnlyForDeploymentPostprocessing = 0;
		};
/* End PBXSourcesBuildPhase section */

/* Begin PBXVariantGroup section */
		10381882232A45A500531F02 /* Main.storyboard */ = {
			isa = PBXVariantGroup;
			children = (
				10381883232A45A500531F02 /* Base */,
			);
			name = Main.storyboard;
			sourceTree = "<group>";
		};
		10381887232A45A700531F02 /* LaunchScreen.storyboard */ = {
			isa = PBXVariantGroup;
			children = (
				10381888232A45A700531F02 /* Base */,
			);
			name = LaunchScreen.storyboard;
			sourceTree = "<group>";
		};
/* End PBXVariantGroup section */

/* Begin XCBuildConfiguration section */
		1038188B232A45A700531F02 /* Debug */ = {
			isa = XCBuildConfiguration;
			buildSettings = {
				ALWAYS_SEARCH_USER_PATHS = NO;
				CLANG_ANALYZER_NONNULL = YES;
				CLANG_ANALYZER_NUMBER_OBJECT_CONVERSION = YES_AGGRESSIVE;
				CLANG_CXX_LANGUAGE_STANDARD = "gnu++14";
				CLANG_CXX_LIBRARY = "libc++";
				CLANG_ENABLE_MODULES = YES;
				CLANG_ENABLE_OBJC_ARC = YES;
				CLANG_ENABLE_OBJC_WEAK = YES;
				CLANG_WARN_BLOCK_CAPTURE_AUTORELEASING = YES;
				CLANG_WARN_BOOL_CONVERSION = YES;
				CLANG_WARN_COMMA = YES;
				CLANG_WARN_CONSTANT_CONVERSION = YES;
				CLANG_WARN_DEPRECATED_OBJC_IMPLEMENTATIONS = YES;
				CLANG_WARN_DIRECT_OBJC_ISA_USAGE = YES_ERROR;
				CLANG_WARN_DOCUMENTATION_COMMENTS = YES;
				CLANG_WARN_EMPTY_BODY = YES;
				CLANG_WARN_ENUM_CONVERSION = YES;
				CLANG_WARN_INFINITE_RECURSION = YES;
				CLANG_WARN_INT_CONVERSION = YES;
				CLANG_WARN_NON_LITERAL_NULL_CONVERSION = YES;
				CLANG_WARN_OBJC_IMPLICIT_RETAIN_SELF = YES;
				CLANG_WARN_OBJC_LITERAL_CONVERSION = YES;
				CLANG_WARN_OBJC_ROOT_CLASS = YES_ERROR;
				CLANG_WARN_RANGE_LOOP_ANALYSIS = YES;
				CLANG_WARN_STRICT_PROTOTYPES = YES;
				CLANG_WARN_SUSPICIOUS_MOVE = YES;
				CLANG_WARN_UNGUARDED_AVAILABILITY = YES_AGGRESSIVE;
				CLANG_WARN_UNREACHABLE_CODE = YES;
				CLANG_WARN__DUPLICATE_METHOD_MATCH = YES;
				CODE_SIGN_IDENTITY = "iPhone Developer";
				COPY_PHASE_STRIP = NO;
				DEBUG_INFORMATION_FORMAT = dwarf;
				ENABLE_STRICT_OBJC_MSGSEND = YES;
				ENABLE_TESTABILITY = YES;
				GCC_C_LANGUAGE_STANDARD = gnu11;
				GCC_DYNAMIC_NO_PIC = NO;
				GCC_NO_COMMON_BLOCKS = YES;
				GCC_OPTIMIZATION_LEVEL = 0;
				GCC_PREPROCESSOR_DEFINITIONS = (
					"DEBUG=1",
					"$(inherited)",
				);
				GCC_WARN_64_TO_32_BIT_CONVERSION = YES;
				GCC_WARN_ABOUT_RETURN_TYPE = YES_ERROR;
				GCC_WARN_UNDECLARED_SELECTOR = YES;
				GCC_WARN_UNINITIALIZED_AUTOS = YES_AGGRESSIVE;
				GCC_WARN_UNUSED_FUNCTION = YES;
				GCC_WARN_UNUSED_VARIABLE = YES;
				IPHONEOS_DEPLOYMENT_TARGET = 11.4;
				MTL_ENABLE_DEBUG_INFO = YES;
				ONLY_ACTIVE_ARCH = YES;
				SDKROOT = iphoneos;
				SWIFT_ACTIVE_COMPILATION_CONDITIONS = DEBUG;
				SWIFT_OPTIMIZATION_LEVEL = "-Onone";
			};
			name = Debug;
		};
		1038188C232A45A700531F02 /* Release */ = {
			isa = XCBuildConfiguration;
			buildSettings = {
				ALWAYS_SEARCH_USER_PATHS = NO;
				CLANG_ANALYZER_NONNULL = YES;
				CLANG_ANALYZER_NUMBER_OBJECT_CONVERSION = YES_AGGRESSIVE;
				CLANG_CXX_LANGUAGE_STANDARD = "gnu++14";
				CLANG_CXX_LIBRARY = "libc++";
				CLANG_ENABLE_MODULES = YES;
				CLANG_ENABLE_OBJC_ARC = YES;
				CLANG_ENABLE_OBJC_WEAK = YES;
				CLANG_WARN_BLOCK_CAPTURE_AUTORELEASING = YES;
				CLANG_WARN_BOOL_CONVERSION = YES;
				CLANG_WARN_COMMA = YES;
				CLANG_WARN_CONSTANT_CONVERSION = YES;
				CLANG_WARN_DEPRECATED_OBJC_IMPLEMENTATIONS = YES;
				CLANG_WARN_DIRECT_OBJC_ISA_USAGE = YES_ERROR;
				CLANG_WARN_DOCUMENTATION_COMMENTS = YES;
				CLANG_WARN_EMPTY_BODY = YES;
				CLANG_WARN_ENUM_CONVERSION = YES;
				CLANG_WARN_INFINITE_RECURSION = YES;
				CLANG_WARN_INT_CONVERSION = YES;
				CLANG_WARN_NON_LITERAL_NULL_CONVERSION = YES;
				CLANG_WARN_OBJC_IMPLICIT_RETAIN_SELF = YES;
				CLANG_WARN_OBJC_LITERAL_CONVERSION = YES;
				CLANG_WARN_OBJC_ROOT_CLASS = YES_ERROR;
				CLANG_WARN_RANGE_LOOP_ANALYSIS = YES;
				CLANG_WARN_STRICT_PROTOTYPES = YES;
				CLANG_WARN_SUSPICIOUS_MOVE = YES;
				CLANG_WARN_UNGUARDED_AVAILABILITY = YES_AGGRESSIVE;
				CLANG_WARN_UNREACHABLE_CODE = YES;
				CLANG_WARN__DUPLICATE_METHOD_MATCH = YES;
				CODE_SIGN_IDENTITY = "iPhone Developer";
				COPY_PHASE_STRIP = NO;
				DEBUG_INFORMATION_FORMAT = "dwarf-with-dsym";
				ENABLE_NS_ASSERTIONS = NO;
				ENABLE_STRICT_OBJC_MSGSEND = YES;
				GCC_C_LANGUAGE_STANDARD = gnu11;
				GCC_NO_COMMON_BLOCKS = YES;
				GCC_WARN_64_TO_32_BIT_CONVERSION = YES;
				GCC_WARN_ABOUT_RETURN_TYPE = YES_ERROR;
				GCC_WARN_UNDECLARED_SELECTOR = YES;
				GCC_WARN_UNINITIALIZED_AUTOS = YES_AGGRESSIVE;
				GCC_WARN_UNUSED_FUNCTION = YES;
				GCC_WARN_UNUSED_VARIABLE = YES;
				IPHONEOS_DEPLOYMENT_TARGET = 11.4;
				MTL_ENABLE_DEBUG_INFO = NO;
				SDKROOT = iphoneos;
				SWIFT_COMPILATION_MODE = wholemodule;
				SWIFT_OPTIMIZATION_LEVEL = "-O";
				VALIDATE_PRODUCT = YES;
			};
			name = Release;
		};
		1038188E232A45A700531F02 /* Debug */ = {
			isa = XCBuildConfiguration;
			buildSettings = {
				ASSETCATALOG_COMPILER_APPICON_NAME = AppIcon;
				CODE_SIGN_STYLE = Automatic;
				DEVELOPMENT_TEAM = BQMM977KB8;
				INFOPLIST_FILE = "ImageGallery-Assignment4/Info.plist";
				LD_RUNPATH_SEARCH_PATHS = (
					"$(inherited)",
					"@executable_path/Frameworks",
				);
				PRODUCT_BUNDLE_IDENTIFIER = "com.iparagons.ImageGallery-Assignment4";
				PRODUCT_NAME = "$(TARGET_NAME)";
				SWIFT_VERSION = 4.0;
				TARGETED_DEVICE_FAMILY = "1,2";
			};
			name = Debug;
		};
		1038188F232A45A700531F02 /* Release */ = {
			isa = XCBuildConfiguration;
			buildSettings = {
				ASSETCATALOG_COMPILER_APPICON_NAME = AppIcon;
				CODE_SIGN_STYLE = Automatic;
				DEVELOPMENT_TEAM = BQMM977KB8;
				INFOPLIST_FILE = "ImageGallery-Assignment4/Info.plist";
				LD_RUNPATH_SEARCH_PATHS = (
					"$(inherited)",
					"@executable_path/Frameworks",
				);
				PRODUCT_BUNDLE_IDENTIFIER = "com.iparagons.ImageGallery-Assignment4";
				PRODUCT_NAME = "$(TARGET_NAME)";
				SWIFT_VERSION = 4.0;
				TARGETED_DEVICE_FAMILY = "1,2";
			};
			name = Release;
		};
/* End XCBuildConfiguration section */

/* Begin XCConfigurationList section */
		10381876232A45A500531F02 /* Build configuration list for PBXProject "ImageGallery-Assignment4" */ = {
			isa = XCConfigurationList;
			buildConfigurations = (
				1038188B232A45A700531F02 /* Debug */,
				1038188C232A45A700531F02 /* Release */,
			);
			defaultConfigurationIsVisible = 0;
			defaultConfigurationName = Release;
		};
		1038188D232A45A700531F02 /* Build configuration list for PBXNativeTarget "ImageGallery-Assignment4" */ = {
			isa = XCConfigurationList;
			buildConfigurations = (
				1038188E232A45A700531F02 /* Debug */,
				1038188F232A45A700531F02 /* Release */,
			);
			defaultConfigurationIsVisible = 0;
			defaultConfigurationName = Release;
		};
/* End XCConfigurationList section */
	};
	rootObject = 10381873232A45A500531F02 /* Project object */;
}
